
Microsoft Visual Studio Solution File, Format Version 12.00
# Visual Studio Version 16
VisualStudioVersion = 25.0.1700.1
MinimumVisualStudioVersion = 10.0.40219.1
Project("{FAE04EC0-301F-11D3-BF4B-00C04F79EFBC}") = "HelloWorld", "HelloWorld\HelloWorld.csproj", "{D2452E17-5DF3-4F6B-AEEF-A1EB44B8A68F}"
EndProject
Global
	GlobalSection(SolutionConfigurationPlatforms) = preSolution
		Debug|Any CPU = Debug|Any CPU
		Release|Any CPU = Release|Any CPU
	EndGlobalSection
	GlobalSection(ProjectConfigurationPlatforms) = postSolution
		{D2452E17-5DF3-4F6B-AEEF-A1EB44B8A68F}.Debug|Any CPU.ActiveCfg = Debug|Any CPU
		{D2452E17-5DF3-4F6B-AEEF-A1EB44B8A68F}.Debug|Any CPU.Build.0 = Debug|Any CPU
		{D2452E17-5DF3-4F6B-AEEF-A1EB44B8A68F}.Release|Any CPU.ActiveCfg = Release|Any CPU
		{D2452E17-5DF3-4F6B-AEEF-A1EB44B8A68F}.Release|Any CPU.Build.0 = Release|Any CPU
	EndGlobalSection
	GlobalSection(SolutionProperties) = preSolution
		HideSolutionNode = FALSE
	EndGlobalSection
	GlobalSection(ExtensibilityGlobals) = postSolution
		SolutionGuid = {8AEF7C43-C743-4169-BEA0-3C9E31B6C164}
	EndGlobalSection
EndGlobal
