// !$*UTF8*$!
{
	archiveVersion = 1;
	classes = {
	};
	objectVersion = 56;
	objects = {

/* Begin PBXBuildFile section */
		02D802572A2B904B00CE35A0 /* lab07.cpp in Sources */ = {isa = PBXBuildFile; fileRef = 02D802562A2B904B00CE35A0 /* lab07.cpp */; };
		02D802592A2B906700CE35A0 /* position.cpp in Sources */ = {isa = PBXBuildFile; fileRef = 02D802582A2B906700CE35A0 /* position.cpp */; };
		02D8025D2A2B90A700CE35A0 /* test.cpp in Sources */ = {isa = PBXBuildFile; fileRef = 02D8025C2A2B90A700CE35A0 /* test.cpp */; };
		02D802612A2B90E100CE35A0 /* uiDraw.cpp in Sources */ = {isa = PBXBuildFile; fileRef = 02D802602A2B90E100CE35A0 /* uiDraw.cpp */; };
		02D802642A2B910A00CE35A0 /* uiInteract.cpp in Sources */ = {isa = PBXBuildFile; fileRef = 02D802632A2B910A00CE35A0 /* uiInteract.cpp */; };
		02D802692A2B93C700CE35A0 /* OpenGL.framework in Frameworks */ = {isa = PBXBuildFile; fileRef = 02D802682A2B93C700CE35A0 /* OpenGL.framework */; };
		02D8026B2A2B93D200CE35A0 /* GLUT.framework in Frameworks */ = {isa = PBXBuildFile; fileRef = 02D8026A2A2B93D200CE35A0 /* GLUT.framework */; };
		02D8026D2A2B947D00CE35A0 /* acceleration.cpp in Sources */ = {isa = PBXBuildFile; fileRef = 02D8026C2A2B947D00CE35A0 /* acceleration.cpp */; };
		02D8026F2A2B95C600CE35A0 /* velocity.cpp in Sources */ = {isa = PBXBuildFile; fileRef = 02D8026E2A2B95C600CE35A0 /* velocity.cpp */; };
		02D802732A2B985500CE35A0 /* satellite.cpp in Sources */ = {isa = PBXBuildFile; fileRef = 02D802722A2B985500CE35A0 /* satellite.cpp */; };
/* End PBXBuildFile section */

/* Begin PBXCopyFilesBuildPhase section */
		02D802482A2B8F6A00CE35A0 /* CopyFiles */ = {
			isa = PBXCopyFilesBuildPhase;
			buildActionMask = 2147483647;
			dstPath = /usr/share/man/man1/;
			dstSubfolderSpec = 0;
			files = (
			);
			runOnlyForDeploymentPostprocessing = 1;
		};
/* End PBXCopyFilesBuildPhase section */

/* Begin PBXFileReference section */
		02D8024A2A2B8F6A00CE35A0 /* orbitPrototype */ = {isa = PBXFileReference; explicitFileType = "compiled.mach-o.executable"; includeInIndex = 0; path = orbitPrototype; sourceTree = BUILT_PRODUCTS_DIR; };
		02D802542A2B900A00CE35A0 /* acceleration.h */ = {isa = PBXFileReference; lastKnownFileType = sourcecode.c.h; path = acceleration.h; sourceTree = "<group>"; };
		02D802562A2B904B00CE35A0 /* lab07.cpp */ = {isa = PBXFileReference; lastKnownFileType = sourcecode.cpp.cpp; path = lab07.cpp; sourceTree = "<group>"; };
		02D802582A2B906700CE35A0 /* position.cpp */ = {isa = PBXFileReference; lastKnownFileType = sourcecode.cpp.cpp; path = position.cpp; sourceTree = "<group>"; };
		02D8025A2A2B907900CE35A0 /* position.h */ = {isa = PBXFileReference; lastKnownFileType = sourcecode.c.h; path = position.h; sourceTree = "<group>"; };
		02D8025B2A2B909200CE35A0 /* satellite.h */ = {isa = PBXFileReference; lastKnownFileType = sourcecode.c.h; path = satellite.h; sourceTree = "<group>"; };
		02D8025C2A2B90A700CE35A0 /* test.cpp */ = {isa = PBXFileReference; lastKnownFileType = sourcecode.cpp.cpp; path = test.cpp; sourceTree = "<group>"; };
		02D8025E2A2B90B700CE35A0 /* test.h */ = {isa = PBXFileReference; lastKnownFileType = sourcecode.c.h; path = test.h; sourceTree = "<group>"; };
		02D8025F2A2B90CA00CE35A0 /* testPosition.h */ = {isa = PBXFileReference; lastKnownFileType = sourcecode.c.h; path = testPosition.h; sourceTree = "<group>"; };
		02D802602A2B90E100CE35A0 /* uiDraw.cpp */ = {isa = PBXFileReference; lastKnownFileType = sourcecode.cpp.cpp; path = uiDraw.cpp; sourceTree = "<group>"; };
		02D802622A2B90F100CE35A0 /* uiDraw.h */ = {isa = PBXFileReference; lastKnownFileType = sourcecode.c.h; path = uiDraw.h; sourceTree = "<group>"; };
		02D802632A2B910A00CE35A0 /* uiInteract.cpp */ = {isa = PBXFileReference; lastKnownFileType = sourcecode.cpp.cpp; path = uiInteract.cpp; sourceTree = "<group>"; };
		02D802652A2B911E00CE35A0 /* uiInteract.h */ = {isa = PBXFileReference; lastKnownFileType = sourcecode.c.h; path = uiInteract.h; sourceTree = "<group>"; };
		02D802662A2B913400CE35A0 /* velocity.h */ = {isa = PBXFileReference; lastKnownFileType = sourcecode.c.h; path = velocity.h; sourceTree = "<group>"; };
		02D802682A2B93C700CE35A0 /* OpenGL.framework */ = {isa = PBXFileReference; lastKnownFileType = wrapper.framework; name = OpenGL.framework; path = System/Library/Frameworks/OpenGL.framework; sourceTree = SDKROOT; };
		02D8026A2A2B93D200CE35A0 /* GLUT.framework */ = {isa = PBXFileReference; lastKnownFileType = wrapper.framework; name = GLUT.framework; path = System/Library/Frameworks/GLUT.framework; sourceTree = SDKROOT; };
		02D8026C2A2B947D00CE35A0 /* acceleration.cpp */ = {isa = PBXFileReference; lastKnownFileType = sourcecode.cpp.cpp; path = acceleration.cpp; sourceTree = "<group>"; };
		02D8026E2A2B95C600CE35A0 /* velocity.cpp */ = {isa = PBXFileReference; lastKnownFileType = sourcecode.cpp.cpp; path = velocity.cpp; sourceTree = "<group>"; };
		02D802722A2B985500CE35A0 /* satellite.cpp */ = {isa = PBXFileReference; lastKnownFileType = sourcecode.cpp.cpp; path = satellite.cpp; sourceTree = "<group>"; };
/* End PBXFileReference section */

/* Begin PBXFrameworksBuildPhase section */
		02D802472A2B8F6A00CE35A0 /* Frameworks */ = {
			isa = PBXFrameworksBuildPhase;
			buildActionMask = 2147483647;
			files = (
				02D8026B2A2B93D200CE35A0 /* GLUT.framework in Frameworks */,
				02D802692A2B93C700CE35A0 /* OpenGL.framework in Frameworks */,
			);
			runOnlyForDeploymentPostprocessing = 0;
		};
/* End PBXFrameworksBuildPhase section */

/* Begin PBXGroup section */
		02D802412A2B8F6A00CE35A0 = {
			isa = PBXGroup;
			children = (
				02D8024C2A2B8F6A00CE35A0 /* orbitPrototype */,
				02D8024B2A2B8F6A00CE35A0 /* Products */,
				02D802672A2B93C700CE35A0 /* Frameworks */,
			);
			sourceTree = "<group>";
		};
		02D8024B2A2B8F6A00CE35A0 /* Products */ = {
			isa = PBXGroup;
			children = (
				02D8024A2A2B8F6A00CE35A0 /* orbitPrototype */,
			);
			name = Products;
			sourceTree = "<group>";
		};
		02D8024C2A2B8F6A00CE35A0 /* orbitPrototype */ = {
			isa = PBXGroup;
			children = (
				02D802542A2B900A00CE35A0 /* acceleration.h */,
				02D8026C2A2B947D00CE35A0 /* acceleration.cpp */,
				02D802562A2B904B00CE35A0 /* lab07.cpp */,
				02D802582A2B906700CE35A0 /* position.cpp */,
				02D8025A2A2B907900CE35A0 /* position.h */,
				02D8025B2A2B909200CE35A0 /* satellite.h */,
				02D802722A2B985500CE35A0 /* satellite.cpp */,
				02D8025C2A2B90A700CE35A0 /* test.cpp */,
				02D8025E2A2B90B700CE35A0 /* test.h */,
				02D8025F2A2B90CA00CE35A0 /* testPosition.h */,
				02D802602A2B90E100CE35A0 /* uiDraw.cpp */,
				02D802622A2B90F100CE35A0 /* uiDraw.h */,
				02D802632A2B910A00CE35A0 /* uiInteract.cpp */,
				02D802652A2B911E00CE35A0 /* uiInteract.h */,
				02D802662A2B913400CE35A0 /* velocity.h */,
				02D8026E2A2B95C600CE35A0 /* velocity.cpp */,
			);
			path = orbitPrototype;
			sourceTree = "<group>";
		};
		02D802672A2B93C700CE35A0 /* Frameworks */ = {
			isa = PBXGroup;
			children = (
				02D8026A2A2B93D200CE35A0 /* GLUT.framework */,
				02D802682A2B93C700CE35A0 /* OpenGL.framework */,
			);
			name = Frameworks;
			sourceTree = "<group>";
		};
/* End PBXGroup section */

/* Begin PBXNativeTarget section */
		02D802492A2B8F6A00CE35A0 /* orbitPrototype */ = {
			isa = PBXNativeTarget;
			buildConfigurationList = 02D802512A2B8F6A00CE35A0 /* Build configuration list for PBXNativeTarget "orbitPrototype" */;
			buildPhases = (
				02D802462A2B8F6A00CE35A0 /* Sources */,
				02D802472A2B8F6A00CE35A0 /* Frameworks */,
				02D802482A2B8F6A00CE35A0 /* CopyFiles */,
			);
			buildRules = (
			);
			dependencies = (
			);
			name = orbitPrototype;
			productName = orbitPrototype;
			productReference = 02D8024A2A2B8F6A00CE35A0 /* orbitPrototype */;
			productType = "com.apple.product-type.tool";
		};
/* End PBXNativeTarget section */

/* Begin PBXProject section */
		02D802422A2B8F6A00CE35A0 /* Project object */ = {
			isa = PBXProject;
			attributes = {
				BuildIndependentTargetsInParallel = 1;
				LastUpgradeCheck = 1430;
				TargetAttributes = {
					02D802492A2B8F6A00CE35A0 = {
						CreatedOnToolsVersion = 14.3;
					};
				};
			};
			buildConfigurationList = 02D802452A2B8F6A00CE35A0 /* Build configuration list for PBXProject "orbitPrototype" */;
			compatibilityVersion = "Xcode 14.0";
			developmentRegion = en;
			hasScannedForEncodings = 0;
			knownRegions = (
				en,
				Base,
			);
			mainGroup = 02D802412A2B8F6A00CE35A0;
			productRefGroup = 02D8024B2A2B8F6A00CE35A0 /* Products */;
			projectDirPath = "";
			projectRoot = "";
			targets = (
				02D802492A2B8F6A00CE35A0 /* orbitPrototype */,
			);
		};
/* End PBXProject section */

/* Begin PBXSourcesBuildPhase section */
		02D802462A2B8F6A00CE35A0 /* Sources */ = {
			isa = PBXSourcesBuildPhase;
			buildActionMask = 2147483647;
			files = (
				02D802612A2B90E100CE35A0 /* uiDraw.cpp in Sources */,
				02D8026F2A2B95C600CE35A0 /* velocity.cpp in Sources */,
				02D802572A2B904B00CE35A0 /* lab07.cpp in Sources */,
				02D8025D2A2B90A700CE35A0 /* test.cpp in Sources */,
				02D802732A2B985500CE35A0 /* satellite.cpp in Sources */,
				02D802592A2B906700CE35A0 /* position.cpp in Sources */,
				02D802642A2B910A00CE35A0 /* uiInteract.cpp in Sources */,
				02D8026D2A2B947D00CE35A0 /* acceleration.cpp in Sources */,
			);
			runOnlyForDeploymentPostprocessing = 0;
		};
/* End PBXSourcesBuildPhase section */

/* Begin XCBuildConfiguration section */
		02D8024F2A2B8F6A00CE35A0 /* Debug */ = {
			isa = XCBuildConfiguration;
			buildSettings = {
				ALWAYS_SEARCH_USER_PATHS = NO;
				CLANG_ANALYZER_NONNULL = YES;
				CLANG_ANALYZER_NUMBER_OBJECT_CONVERSION = YES_AGGRESSIVE;
				CLANG_CXX_LANGUAGE_STANDARD = "gnu++20";
				CLANG_ENABLE_MODULES = YES;
				CLANG_ENABLE_OBJC_ARC = YES;
				CLANG_ENABLE_OBJC_WEAK = YES;
				CLANG_WARN_BLOCK_CAPTURE_AUTORELEASING = YES;
				CLANG_WARN_BOOL_CONVERSION = YES;
				CLANG_WARN_COMMA = YES;
				CLANG_WARN_CONSTANT_CONVERSION = YES;
				CLANG_WARN_DEPRECATED_OBJC_IMPLEMENTATIONS = YES;
				CLANG_WARN_DIRECT_OBJC_ISA_USAGE = YES_ERROR;
				CLANG_WARN_DOCUMENTATION_COMMENTS = YES;
				CLANG_WARN_EMPTY_BODY = YES;
				CLANG_WARN_ENUM_CONVERSION = YES;
				CLANG_WARN_INFINITE_RECURSION = YES;
				CLANG_WARN_INT_CONVERSION = YES;
				CLANG_WARN_NON_LITERAL_NULL_CONVERSION = YES;
				CLANG_WARN_OBJC_IMPLICIT_RETAIN_SELF = YES;
				CLANG_WARN_OBJC_LITERAL_CONVERSION = YES;
				CLANG_WARN_OBJC_ROOT_CLASS = YES_ERROR;
				CLANG_WARN_QUOTED_INCLUDE_IN_FRAMEWORK_HEADER = YES;
				CLANG_WARN_RANGE_LOOP_ANALYSIS = YES;
				CLANG_WARN_STRICT_PROTOTYPES = YES;
				CLANG_WARN_SUSPICIOUS_MOVE = YES;
				CLANG_WARN_UNGUARDED_AVAILABILITY = YES_AGGRESSIVE;
				CLANG_WARN_UNREACHABLE_CODE = YES;
				CLANG_WARN__DUPLICATE_METHOD_MATCH = YES;
				COPY_PHASE_STRIP = NO;
				DEBUG_INFORMATION_FORMAT = dwarf;
				ENABLE_STRICT_OBJC_MSGSEND = YES;
				ENABLE_TESTABILITY = YES;
				GCC_C_LANGUAGE_STANDARD = gnu11;
				GCC_DYNAMIC_NO_PIC = NO;
				GCC_NO_COMMON_BLOCKS = YES;
				GCC_OPTIMIZATION_LEVEL = 0;
				GCC_PREPROCESSOR_DEFINITIONS = (
					"DEBUG=1",
					"$(inherited)",
				);
				GCC_WARN_64_TO_32_BIT_CONVERSION = YES;
				GCC_WARN_ABOUT_RETURN_TYPE = YES_ERROR;
				GCC_WARN_UNDECLARED_SELECTOR = YES;
				GCC_WARN_UNINITIALIZED_AUTOS = YES_AGGRESSIVE;
				GCC_WARN_UNUSED_FUNCTION = YES;
				GCC_WARN_UNUSED_VARIABLE = YES;
				MACOSX_DEPLOYMENT_TARGET = 13.3;
				MTL_ENABLE_DEBUG_INFO = INCLUDE_SOURCE;
				MTL_FAST_MATH = YES;
				ONLY_ACTIVE_ARCH = YES;
				SDKROOT = macosx;
			};
			name = Debug;
		};
		02D802502A2B8F6A00CE35A0 /* Release */ = {
			isa = XCBuildConfiguration;
			buildSettings = {
				ALWAYS_SEARCH_USER_PATHS = NO;
				CLANG_ANALYZER_NONNULL = YES;
				CLANG_ANALYZER_NUMBER_OBJECT_CONVERSION = YES_AGGRESSIVE;
				CLANG_CXX_LANGUAGE_STANDARD = "gnu++20";
				CLANG_ENABLE_MODULES = YES;
				CLANG_ENABLE_OBJC_ARC = YES;
				CLANG_ENABLE_OBJC_WEAK = YES;
				CLANG_WARN_BLOCK_CAPTURE_AUTORELEASING = YES;
				CLANG_WARN_BOOL_CONVERSION = YES;
				CLANG_WARN_COMMA = YES;
				CLANG_WARN_CONSTANT_CONVERSION = YES;
				CLANG_WARN_DEPRECATED_OBJC_IMPLEMENTATIONS = YES;
				CLANG_WARN_DIRECT_OBJC_ISA_USAGE = YES_ERROR;
				CLANG_WARN_DOCUMENTATION_COMMENTS = YES;
				CLANG_WARN_EMPTY_BODY = YES;
				CLANG_WARN_ENUM_CONVERSION = YES;
				CLANG_WARN_INFINITE_RECURSION = YES;
				CLANG_WARN_INT_CONVERSION = YES;
				CLANG_WARN_NON_LITERAL_NULL_CONVERSION = YES;
				CLANG_WARN_OBJC_IMPLICIT_RETAIN_SELF = YES;
				CLANG_WARN_OBJC_LITERAL_CONVERSION = YES;
				CLANG_WARN_OBJC_ROOT_CLASS = YES_ERROR;
				CLANG_WARN_QUOTED_INCLUDE_IN_FRAMEWORK_HEADER = YES;
				CLANG_WARN_RANGE_LOOP_ANALYSIS = YES;
				CLANG_WARN_STRICT_PROTOTYPES = YES;
				CLANG_WARN_SUSPICIOUS_MOVE = YES;
				CLANG_WARN_UNGUARDED_AVAILABILITY = YES_AGGRESSIVE;
				CLANG_WARN_UNREACHABLE_CODE = YES;
				CLANG_WARN__DUPLICATE_METHOD_MATCH = YES;
				COPY_PHASE_STRIP = NO;
				DEBUG_INFORMATION_FORMAT = "dwarf-with-dsym";
				ENABLE_NS_ASSERTIONS = NO;
				ENABLE_STRICT_OBJC_MSGSEND = YES;
				GCC_C_LANGUAGE_STANDARD = gnu11;
				GCC_NO_COMMON_BLOCKS = YES;
				GCC_WARN_64_TO_32_BIT_CONVERSION = YES;
				GCC_WARN_ABOUT_RETURN_TYPE = YES_ERROR;
				GCC_WARN_UNDECLARED_SELECTOR = YES;
				GCC_WARN_UNINITIALIZED_AUTOS = YES_AGGRESSIVE;
				GCC_WARN_UNUSED_FUNCTION = YES;
				GCC_WARN_UNUSED_VARIABLE = YES;
				MACOSX_DEPLOYMENT_TARGET = 13.3;
				MTL_ENABLE_DEBUG_INFO = NO;
				MTL_FAST_MATH = YES;
				SDKROOT = macosx;
			};
			name = Release;
		};
		02D802522A2B8F6A00CE35A0 /* Debug */ = {
			isa = XCBuildConfiguration;
			buildSettings = {
				CODE_SIGN_STYLE = Automatic;
				PRODUCT_NAME = "$(TARGET_NAME)";
			};
			name = Debug;
		};
		02D802532A2B8F6A00CE35A0 /* Release */ = {
			isa = XCBuildConfiguration;
			buildSettings = {
				CODE_SIGN_STYLE = Automatic;
				PRODUCT_NAME = "$(TARGET_NAME)";
			};
			name = Release;
		};
/* End XCBuildConfiguration section */

/* Begin XCConfigurationList section */
		02D802452A2B8F6A00CE35A0 /* Build configuration list for PBXProject "orbitPrototype" */ = {
			isa = XCConfigurationList;
			buildConfigurations = (
				02D8024F2A2B8F6A00CE35A0 /* Debug */,
				02D802502A2B8F6A00CE35A0 /* Release */,
			);
			defaultConfigurationIsVisible = 0;
			defaultConfigurationName = Release;
		};
		02D802512A2B8F6A00CE35A0 /* Build configuration list for PBXNativeTarget "orbitPrototype" */ = {
			isa = XCConfigurationList;
			buildConfigurations = (
				02D802522A2B8F6A00CE35A0 /* Debug */,
				02D802532A2B8F6A00CE35A0 /* Release */,
			);
			defaultConfigurationIsVisible = 0;
			defaultConfigurationName = Release;
		};
/* End XCConfigurationList section */
	};
	rootObject = 02D802422A2B8F6A00CE35A0 /* Project object */;
}
